# This file is automatically @generated by Cargo.
# It is not intended for manual editing.
version = 4

[[package]]
name = "rarog-css"
version = "0.1.0"
dependencies = [
 "rarog-dom",
 "rarog-types",
]

[[package]]
name = "rarog-dom"
version = "0.1.0"

[[package]]
name = "rarog-engine"
version = "0.1.0"
dependencies = [
 "rarog-css",
 "rarog-dom",
 "rarog-html",
 "rarog-layout",
 "rarog-paint",
 "rarog-types",
]

[[package]]
name = "rarog-html"
version = "0.1.0"
dependencies = [
 "rarog-dom",
]

[[package]]
name = "rarog-layout"
version = "0.1.0"
dependencies = [
 "rarog-css",
 "rarog-dom",
 "rarog-types",
]

[[package]]
name = "rarog-paint"
version = "0.1.0"
dependencies = [
 "rarog-layout",
 "rarog-types",
]

[[package]]
name = "rarog-shell"
version = "0.1.0"
dependencies = [
 "rarog-engine",
]

[[package]]
name = "rarog-types"
version = "0.1.0"
