# This file is automatically @generated by Cargo.
# It is not intended for manual editing.
version = 4

[[package]]
name = "rarog-css"
version = "0.1.0"
dependencies = [
 "rarog-dom",
 "rarog-types",
]

[[package]]
name = "rarog-dom"
version = "0.1.0"

[[package]]
name = "rarog-engine"
version = "0.1.0"
dependencies = [
 "rarog-css",
 "rarog-dom",
 "rarog-html",
 "rarog-layout",
 "rarog-paint",
 "rarog-platform",
 "rarog-types",
]

[[package]]
name = "rarog-html"
version = "0.1.0"
dependencies = [
 "rarog-dom",
]

[[package]]
name = "rarog-layout"
version = "0.1.0"
dependencies = [
 "rarog-css",
 "rarog-dom",
 "rarog-types",
 "unicode-bidi",
 "unicode-linebreak",
 "unicode-script",
 "unicode-segmentation",
]

[[package]]
name = "rarog-paint"
version = "0.1.0"
dependencies = [
 "rarog-layout",
 "rarog-types",
]

[[package]]
name = "rarog-platform"
version = "0.1.0"

[[package]]
name = "rarog-platform-windows"
version = "0.1.0"
dependencies = [
 "rarog-platform",
]

[[package]]
name = "rarog-shell"
version = "0.1.0"
dependencies = [
 "rarog-engine",
]

[[package]]
name = "rarog-types"
version = "0.1.0"

[[package]]
name = "unicode-bidi"
version = "0.3.18"
source = "registry+https://github.com/rust-lang/crates.io-index"
checksum = "5c1cb5db39152898a79168971543b1cb5020dff7fe43c8dc468b0885f5e29df5"

[[package]]
name = "unicode-linebreak"
version = "0.1.5"
source = "registry+https://github.com/rust-lang/crates.io-index"
checksum = "3b09c83c3c29d37506a3e260c08c03743a6bb66a9cd432c6934ab501a190571f"

[[package]]
name = "unicode-script"
version = "0.5.8"
source = "registry+https://github.com/rust-lang/crates.io-index"
checksum = "383ad40bb927465ec0ce7720e033cb4ca06912855fc35db31b5755d0de75b1ee"

[[package]]
name = "unicode-segmentation"
version = "1.13.3"
source = "registry+https://github.com/rust-lang/crates.io-index"
checksum = "c6f5d3c3b1bf09027a88a6bc961fc00497d651009560b5463668dc81b0fa87a8"
